// !$*UTF8*$!
{
	archiveVersion = 1;
	classes = {
	};
	objectVersion = 51;
	objects = {

/* Begin PBXBuildFile section */
		88334F6D251160B5006659C5 /* CartButton.swift in Sources */ = {isa = PBXBuildFile; fileRef = 88334F6C251160B5006659C5 /* CartButton.swift */; };
		884D0E03251233A6000FA2D8 /* ProductDetails.swift in Sources */ = {isa = PBXBuildFile; fileRef = 884D0E02251233A6000FA2D8 /* ProductDetails.swift */; };
		884D0E052512359D000FA2D8 /* CartView.swift in Sources */ = {isa = PBXBuildFile; fileRef = 884D0E042512359D000FA2D8 /* CartView.swift */; };
		8855D92B2510DF4F00185129 /* Tabs.swift in Sources */ = {isa = PBXBuildFile; fileRef = 8855D92A2510DF4F00185129 /* Tabs.swift */; };
		8855D92D2510E71200185129 /* ViewRouter.swift in Sources */ = {isa = PBXBuildFile; fileRef = 8855D92C2510E71200185129 /* ViewRouter.swift */; };
		88664E68250ED3450028B9D2 /* AppDelegate.swift in Sources */ = {isa = PBXBuildFile; fileRef = 88664E67250ED3450028B9D2 /* AppDelegate.swift */; };
		88664E6A250ED3450028B9D2 /* SceneDelegate.swift in Sources */ = {isa = PBXBuildFile; fileRef = 88664E69250ED3450028B9D2 /* SceneDelegate.swift */; };
		88664E6E250ED34A0028B9D2 /* Assets.xcassets in Resources */ = {isa = PBXBuildFile; fileRef = 88664E6D250ED34A0028B9D2 /* Assets.xcassets */; };
		88664E71250ED34A0028B9D2 /* Preview Assets.xcassets in Resources */ = {isa = PBXBuildFile; fileRef = 88664E70250ED34A0028B9D2 /* Preview Assets.xcassets */; };
		88664E74250ED34A0028B9D2 /* LaunchScreen.storyboard in Resources */ = {isa = PBXBuildFile; fileRef = 88664E72250ED34A0028B9D2 /* LaunchScreen.storyboard */; };
		88664E7C250ED3B70028B9D2 /* Test.swift in Sources */ = {isa = PBXBuildFile; fileRef = 88664E7B250ED3B70028B9D2 /* Test.swift */; };
		886CCF8A25128D2100319252 /* addToCartSound.mp3 in Resources */ = {isa = PBXBuildFile; fileRef = 886CCF8925128D2100319252 /* addToCartSound.mp3 */; };
		886CCF8C2512954500319252 /* CartItemView.swift in Sources */ = {isa = PBXBuildFile; fileRef = 886CCF8B2512954500319252 /* CartItemView.swift */; };
		886CCF8E2512A47A00319252 /* NonEmptyCartAlert.swift in Sources */ = {isa = PBXBuildFile; fileRef = 886CCF8D2512A47A00319252 /* NonEmptyCartAlert.swift */; };
		88878CC525100D6000BB98B9 /* CompanyDetailView.swift in Sources */ = {isa = PBXBuildFile; fileRef = 88878CC425100D6000BB98B9 /* CompanyDetailView.swift */; };
		88878CC72510141100BB98B9 /* Product.swift in Sources */ = {isa = PBXBuildFile; fileRef = 88878CC62510141100BB98B9 /* Product.swift */; };
		88878CCA2510156B00BB98B9 /* ProductsListView.swift in Sources */ = {isa = PBXBuildFile; fileRef = 88878CC92510156B00BB98B9 /* ProductsListView.swift */; };
		88878CCC2510158600BB98B9 /* ProductView.swift in Sources */ = {isa = PBXBuildFile; fileRef = 88878CCB2510158600BB98B9 /* ProductView.swift */; };
		88878CCF25101BA200BB98B9 /* TabBarSpacer.swift in Sources */ = {isa = PBXBuildFile; fileRef = 88878CCE25101BA200BB98B9 /* TabBarSpacer.swift */; };
		888FE8AF250FC16500FD12B7 /* CompaniesView.swift in Sources */ = {isa = PBXBuildFile; fileRef = 888FE8AE250FC16500FD12B7 /* CompaniesView.swift */; };
		888FE8B2250FC24900FD12B7 /* CompanyRow.swift in Sources */ = {isa = PBXBuildFile; fileRef = 888FE8B1250FC24900FD12B7 /* CompanyRow.swift */; };
		888FE8B4250FC25A00FD12B7 /* DatabaseManager.swift in Sources */ = {isa = PBXBuildFile; fileRef = 888FE8B3250FC25A00FD12B7 /* DatabaseManager.swift */; };
		888FE8B6250FC30C00FD12B7 /* Company.swift in Sources */ = {isa = PBXBuildFile; fileRef = 888FE8B5250FC30C00FD12B7 /* Company.swift */; };
		888FE8B8250FDD9E00FD12B7 /* TabBar.swift in Sources */ = {isa = PBXBuildFile; fileRef = 888FE8B7250FDD9E00FD12B7 /* TabBar.swift */; };
		88E27AAE2514074100FED713 /* CartItem.swift in Sources */ = {isa = PBXBuildFile; fileRef = 88E27AAD2514074100FED713 /* CartItem.swift */; };
		88E27AB025140FDA00FED713 /* Rating.swift in Sources */ = {isa = PBXBuildFile; fileRef = 88E27AAF25140FDA00FED713 /* Rating.swift */; };
		D8C1EE69539B9BF297986C5A /* Pods_Weed_delivery.framework in Frameworks */ = {isa = PBXBuildFile; fileRef = C8C13D8F9534DDE053467548 /* Pods_Weed_delivery.framework */; };
/* End PBXBuildFile section */

/* Begin PBXFileReference section */
		0AA7C76DB2425112632EEF6F /* Pods-Weed delivery.release.xcconfig */ = {isa = PBXFileReference; includeInIndex = 1; lastKnownFileType = text.xcconfig; name = "Pods-Weed delivery.release.xcconfig"; path = "Target Support Files/Pods-Weed delivery/Pods-Weed delivery.release.xcconfig"; sourceTree = "<group>"; };
		3525F538ABAA2B9A9E3F39A3 /* Pods-Weed delivery.debug.xcconfig */ = {isa = PBXFileReference; includeInIndex = 1; lastKnownFileType = text.xcconfig; name = "Pods-Weed delivery.debug.xcconfig"; path = "Target Support Files/Pods-Weed delivery/Pods-Weed delivery.debug.xcconfig"; sourceTree = "<group>"; };
		88334F6C251160B5006659C5 /* CartButton.swift */ = {isa = PBXFileReference; lastKnownFileType = sourcecode.swift; path = CartButton.swift; sourceTree = "<group>"; };
		884D0E02251233A6000FA2D8 /* ProductDetails.swift */ = {isa = PBXFileReference; lastKnownFileType = sourcecode.swift; path = ProductDetails.swift; sourceTree = "<group>"; };
		884D0E042512359D000FA2D8 /* CartView.swift */ = {isa = PBXFileReference; lastKnownFileType = sourcecode.swift; path = CartView.swift; sourceTree = "<group>"; };
		8855D92A2510DF4F00185129 /* Tabs.swift */ = {isa = PBXFileReference; lastKnownFileType = sourcecode.swift; path = Tabs.swift; sourceTree = "<group>"; };
		8855D92C2510E71200185129 /* ViewRouter.swift */ = {isa = PBXFileReference; lastKnownFileType = sourcecode.swift; path = ViewRouter.swift; sourceTree = "<group>"; };
		88664E64250ED3450028B9D2 /* Weed delivery.app */ = {isa = PBXFileReference; explicitFileType = wrapper.application; includeInIndex = 0; path = "Weed delivery.app"; sourceTree = BUILT_PRODUCTS_DIR; };
		88664E67250ED3450028B9D2 /* AppDelegate.swift */ = {isa = PBXFileReference; lastKnownFileType = sourcecode.swift; path = AppDelegate.swift; sourceTree = "<group>"; };
		88664E69250ED3450028B9D2 /* SceneDelegate.swift */ = {isa = PBXFileReference; lastKnownFileType = sourcecode.swift; path = SceneDelegate.swift; sourceTree = "<group>"; };
		88664E6D250ED34A0028B9D2 /* Assets.xcassets */ = {isa = PBXFileReference; lastKnownFileType = folder.assetcatalog; path = Assets.xcassets; sourceTree = "<group>"; };
		88664E70250ED34A0028B9D2 /* Preview Assets.xcassets */ = {isa = PBXFileReference; lastKnownFileType = folder.assetcatalog; path = "Preview Assets.xcassets"; sourceTree = "<group>"; };
		88664E73250ED34A0028B9D2 /* Base */ = {isa = PBXFileReference; lastKnownFileType = file.storyboard; name = Base; path = Base.lproj/LaunchScreen.storyboard; sourceTree = "<group>"; };
		88664E75250ED34A0028B9D2 /* Info.plist */ = {isa = PBXFileReference; lastKnownFileType = text.plist.xml; path = Info.plist; sourceTree = "<group>"; };
		88664E7B250ED3B70028B9D2 /* Test.swift */ = {isa = PBXFileReference; lastKnownFileType = sourcecode.swift; path = Test.swift; sourceTree = "<group>"; };
		886CCF8925128D2100319252 /* addToCartSound.mp3 */ = {isa = PBXFileReference; lastKnownFileType = audio.mp3; name = addToCartSound.mp3; path = ../../../../../../Downloads/addToCartSound.mp3; sourceTree = "<group>"; };
		886CCF8B2512954500319252 /* CartItemView.swift */ = {isa = PBXFileReference; lastKnownFileType = sourcecode.swift; path = CartItemView.swift; sourceTree = "<group>"; };
		886CCF8D2512A47A00319252 /* NonEmptyCartAlert.swift */ = {isa = PBXFileReference; lastKnownFileType = sourcecode.swift; path = NonEmptyCartAlert.swift; sourceTree = "<group>"; };
		88878CC425100D6000BB98B9 /* CompanyDetailView.swift */ = {isa = PBXFileReference; lastKnownFileType = sourcecode.swift; path = CompanyDetailView.swift; sourceTree = "<group>"; };
		88878CC62510141100BB98B9 /* Product.swift */ = {isa = PBXFileReference; lastKnownFileType = sourcecode.swift; path = Product.swift; sourceTree = "<group>"; };
		88878CC92510156B00BB98B9 /* ProductsListView.swift */ = {isa = PBXFileReference; lastKnownFileType = sourcecode.swift; path = ProductsListView.swift; sourceTree = "<group>"; };
		88878CCB2510158600BB98B9 /* ProductView.swift */ = {isa = PBXFileReference; lastKnownFileType = sourcecode.swift; path = ProductView.swift; sourceTree = "<group>"; };
		88878CCE25101BA200BB98B9 /* TabBarSpacer.swift */ = {isa = PBXFileReference; lastKnownFileType = sourcecode.swift; path = TabBarSpacer.swift; sourceTree = "<group>"; };
		888FE8AE250FC16500FD12B7 /* CompaniesView.swift */ = {isa = PBXFileReference; lastKnownFileType = sourcecode.swift; path = CompaniesView.swift; sourceTree = "<group>"; };
		888FE8B1250FC24900FD12B7 /* CompanyRow.swift */ = {isa = PBXFileReference; lastKnownFileType = sourcecode.swift; path = CompanyRow.swift; sourceTree = "<group>"; };
		888FE8B3250FC25A00FD12B7 /* DatabaseManager.swift */ = {isa = PBXFileReference; lastKnownFileType = sourcecode.swift; path = DatabaseManager.swift; sourceTree = "<group>"; };
		888FE8B5250FC30C00FD12B7 /* Company.swift */ = {isa = PBXFileReference; lastKnownFileType = sourcecode.swift; path = Company.swift; sourceTree = "<group>"; };
		888FE8B7250FDD9E00FD12B7 /* TabBar.swift */ = {isa = PBXFileReference; lastKnownFileType = sourcecode.swift; path = TabBar.swift; sourceTree = "<group>"; };
		88E27AAD2514074100FED713 /* CartItem.swift */ = {isa = PBXFileReference; lastKnownFileType = sourcecode.swift; path = CartItem.swift; sourceTree = "<group>"; };
		88E27AAF25140FDA00FED713 /* Rating.swift */ = {isa = PBXFileReference; lastKnownFileType = sourcecode.swift; path = Rating.swift; sourceTree = "<group>"; };
		C8C13D8F9534DDE053467548 /* Pods_Weed_delivery.framework */ = {isa = PBXFileReference; explicitFileType = wrapper.framework; includeInIndex = 0; path = Pods_Weed_delivery.framework; sourceTree = BUILT_PRODUCTS_DIR; };
/* End PBXFileReference section */

/* Begin PBXFrameworksBuildPhase section */
		88664E61250ED3450028B9D2 /* Frameworks */ = {
			isa = PBXFrameworksBuildPhase;
			buildActionMask = 2147483647;
			files = (
				D8C1EE69539B9BF297986C5A /* Pods_Weed_delivery.framework in Frameworks */,
			);
			runOnlyForDeploymentPostprocessing = 0;
		};
/* End PBXFrameworksBuildPhase section */

/* Begin PBXGroup section */
		2BBEA4F0B3DF30F8DEE5CFCA /* Pods */ = {
			isa = PBXGroup;
			children = (
				3525F538ABAA2B9A9E3F39A3 /* Pods-Weed delivery.debug.xcconfig */,
				0AA7C76DB2425112632EEF6F /* Pods-Weed delivery.release.xcconfig */,
			);
			path = Pods;
			sourceTree = "<group>";
		};
		46654DAD6C8F8C2B43B91A68 /* Frameworks */ = {
			isa = PBXGroup;
			children = (
				C8C13D8F9534DDE053467548 /* Pods_Weed_delivery.framework */,
			);
			name = Frameworks;
			sourceTree = "<group>";
		};
		88334F6B251160A1006659C5 /* Cart */ = {
			isa = PBXGroup;
			children = (
				88334F6C251160B5006659C5 /* CartButton.swift */,
				884D0E042512359D000FA2D8 /* CartView.swift */,
				886CCF8B2512954500319252 /* CartItemView.swift */,
				886CCF8D2512A47A00319252 /* NonEmptyCartAlert.swift */,
			);
			path = Cart;
			sourceTree = "<group>";
		};
		8855D9292510DF4200185129 /* Protocols */ = {
			isa = PBXGroup;
			children = (
				8855D92A2510DF4F00185129 /* Tabs.swift */,
			);
			path = Protocols;
			sourceTree = "<group>";
		};
		88664E5B250ED3450028B9D2 = {
			isa = PBXGroup;
			children = (
				88664E66250ED3450028B9D2 /* Weed delivery */,
				88664E65250ED3450028B9D2 /* Products */,
				2BBEA4F0B3DF30F8DEE5CFCA /* Pods */,
				46654DAD6C8F8C2B43B91A68 /* Frameworks */,
			);
			sourceTree = "<group>";
		};
		88664E65250ED3450028B9D2 /* Products */ = {
			isa = PBXGroup;
			children = (
				88664E64250ED3450028B9D2 /* Weed delivery.app */,
			);
			name = Products;
			sourceTree = "<group>";
		};
		88664E66250ED3450028B9D2 /* Weed delivery */ = {
			isa = PBXGroup;
			children = (
				8855D9292510DF4200185129 /* Protocols */,
				888FE8AB250FC04400FD12B7 /* Resources */,
				888FE8AA250FC03C00FD12B7 /* Models */,
				888FE8A9250FC03500FD12B7 /* Views */,
				88664E67250ED3450028B9D2 /* AppDelegate.swift */,
				88664E69250ED3450028B9D2 /* SceneDelegate.swift */,
				88664E6D250ED34A0028B9D2 /* Assets.xcassets */,
				88664E72250ED34A0028B9D2 /* LaunchScreen.storyboard */,
				88664E75250ED34A0028B9D2 /* Info.plist */,
				88664E6F250ED34A0028B9D2 /* Preview Content */,
				88664E7B250ED3B70028B9D2 /* Test.swift */,
			);
			path = "Weed delivery";
			sourceTree = "<group>";
		};
		88664E6F250ED34A0028B9D2 /* Preview Content */ = {
			isa = PBXGroup;
			children = (
				88664E70250ED34A0028B9D2 /* Preview Assets.xcassets */,
			);
			path = "Preview Content";
			sourceTree = "<group>";
		};
		886CCF8825128A3E00319252 /* Sounds */ = {
			isa = PBXGroup;
			children = (
				886CCF8925128D2100319252 /* addToCartSound.mp3 */,
			);
			path = Sounds;
			sourceTree = "<group>";
		};
		88878CC82510153C00BB98B9 /* Products */ = {
			isa = PBXGroup;
			children = (
				88878CC92510156B00BB98B9 /* ProductsListView.swift */,
				88878CCB2510158600BB98B9 /* ProductView.swift */,
				884D0E02251233A6000FA2D8 /* ProductDetails.swift */,
			);
			path = Products;
			sourceTree = "<group>";
		};
		88878CCD25101B9100BB98B9 /* TabBar */ = {
			isa = PBXGroup;
			children = (
				888FE8B7250FDD9E00FD12B7 /* TabBar.swift */,
				88878CCE25101BA200BB98B9 /* TabBarSpacer.swift */,
				8855D92C2510E71200185129 /* ViewRouter.swift */,
			);
			path = TabBar;
			sourceTree = "<group>";
		};
		888FE8A9250FC03500FD12B7 /* Views */ = {
			isa = PBXGroup;
			children = (
				88334F6B251160A1006659C5 /* Cart */,
				88878CCD25101B9100BB98B9 /* TabBar */,
				88878CC82510153C00BB98B9 /* Products */,
				888FE8B0250FC22E00FD12B7 /* Companies */,
			);
			path = Views;
			sourceTree = "<group>";
		};
		888FE8AA250FC03C00FD12B7 /* Models */ = {
			isa = PBXGroup;
			children = (
				888FE8B5250FC30C00FD12B7 /* Company.swift */,
				88878CC62510141100BB98B9 /* Product.swift */,
				88E27AAD2514074100FED713 /* CartItem.swift */,
				88E27AAF25140FDA00FED713 /* Rating.swift */,
			);
			path = Models;
			sourceTree = "<group>";
		};
		888FE8AB250FC04400FD12B7 /* Resources */ = {
			isa = PBXGroup;
			children = (
				886CCF8825128A3E00319252 /* Sounds */,
				888FE8B3250FC25A00FD12B7 /* DatabaseManager.swift */,
			);
			path = Resources;
			sourceTree = "<group>";
		};
		888FE8B0250FC22E00FD12B7 /* Companies */ = {
			isa = PBXGroup;
			children = (
				888FE8AE250FC16500FD12B7 /* CompaniesView.swift */,
				888FE8B1250FC24900FD12B7 /* CompanyRow.swift */,
				88878CC425100D6000BB98B9 /* CompanyDetailView.swift */,
			);
			path = Companies;
			sourceTree = "<group>";
		};
/* End PBXGroup section */

/* Begin PBXNativeTarget section */
		88664E63250ED3450028B9D2 /* Weed delivery */ = {
			isa = PBXNativeTarget;
			buildConfigurationList = 88664E78250ED34A0028B9D2 /* Build configuration list for PBXNativeTarget "Weed delivery" */;
			buildPhases = (
				A08951E46DBC2A053D0E4F43 /* [CP] Check Pods Manifest.lock */,
				88664E60250ED3450028B9D2 /* Sources */,
				88664E61250ED3450028B9D2 /* Frameworks */,
				88664E62250ED3450028B9D2 /* Resources */,
				C5BBC0C4786DE84AFDF1007F /* [CP] Embed Pods Frameworks */,
			);
			buildRules = (
			);
			dependencies = (
			);
			name = "Weed delivery";
			productName = "Weed delivery";
			productReference = 88664E64250ED3450028B9D2 /* Weed delivery.app */;
			productType = "com.apple.product-type.application";
		};
/* End PBXNativeTarget section */

/* Begin PBXProject section */
		88664E5C250ED3450028B9D2 /* Project object */ = {
			isa = PBXProject;
			attributes = {
				LastSwiftUpdateCheck = 1170;
				LastUpgradeCheck = 1170;
				ORGANIZATIONNAME = "Ilya Senchukov";
				TargetAttributes = {
					88664E63250ED3450028B9D2 = {
						CreatedOnToolsVersion = 11.7;
					};
				};
			};
			buildConfigurationList = 88664E5F250ED3450028B9D2 /* Build configuration list for PBXProject "Weed delivery" */;
			compatibilityVersion = "Xcode 9.3";
			developmentRegion = en;
			hasScannedForEncodings = 0;
			knownRegions = (
				en,
				Base,
			);
			mainGroup = 88664E5B250ED3450028B9D2;
			productRefGroup = 88664E65250ED3450028B9D2 /* Products */;
			projectDirPath = "";
			projectRoot = "";
			targets = (
				88664E63250ED3450028B9D2 /* Weed delivery */,
			);
		};
/* End PBXProject section */

/* Begin PBXResourcesBuildPhase section */
		88664E62250ED3450028B9D2 /* Resources */ = {
			isa = PBXResourcesBuildPhase;
			buildActionMask = 2147483647;
			files = (
				88664E74250ED34A0028B9D2 /* LaunchScreen.storyboard in Resources */,
				88664E71250ED34A0028B9D2 /* Preview Assets.xcassets in Resources */,
				88664E6E250ED34A0028B9D2 /* Assets.xcassets in Resources */,
				886CCF8A25128D2100319252 /* addToCartSound.mp3 in Resources */,
			);
			runOnlyForDeploymentPostprocessing = 0;
		};
/* End PBXResourcesBuildPhase section */

/* Begin PBXShellScriptBuildPhase section */
		A08951E46DBC2A053D0E4F43 /* [CP] Check Pods Manifest.lock */ = {
			isa = PBXShellScriptBuildPhase;
			buildActionMask = 2147483647;
			files = (
			);
			inputFileListPaths = (
			);
			inputPaths = (
				"${PODS_PODFILE_DIR_PATH}/Podfile.lock",
				"${PODS_ROOT}/Manifest.lock",
			);
			name = "[CP] Check Pods Manifest.lock";
			outputFileListPaths = (
			);
			outputPaths = (
				"$(DERIVED_FILE_DIR)/Pods-Weed delivery-checkManifestLockResult.txt",
			);
			runOnlyForDeploymentPostprocessing = 0;
			shellPath = /bin/sh;
			shellScript = "diff \"${PODS_PODFILE_DIR_PATH}/Podfile.lock\" \"${PODS_ROOT}/Manifest.lock\" > /dev/null\nif [ $? != 0 ] ; then\n    # print error to STDERR\n    echo \"error: The sandbox is not in sync with the Podfile.lock. Run 'pod install' or update your CocoaPods installation.\" >&2\n    exit 1\nfi\n# This output is used by Xcode 'outputs' to avoid re-running this script phase.\necho \"SUCCESS\" > \"${SCRIPT_OUTPUT_FILE_0}\"\n";
			showEnvVarsInLog = 0;
		};
		C5BBC0C4786DE84AFDF1007F /* [CP] Embed Pods Frameworks */ = {
			isa = PBXShellScriptBuildPhase;
			buildActionMask = 2147483647;
			files = (
			);
			inputFileListPaths = (
				"${PODS_ROOT}/Target Support Files/Pods-Weed delivery/Pods-Weed delivery-frameworks-${CONFIGURATION}-input-files.xcfilelist",
			);
			name = "[CP] Embed Pods Frameworks";
			outputFileListPaths = (
				"${PODS_ROOT}/Target Support Files/Pods-Weed delivery/Pods-Weed delivery-frameworks-${CONFIGURATION}-output-files.xcfilelist",
			);
			runOnlyForDeploymentPostprocessing = 0;
			shellPath = /bin/sh;
			shellScript = "\"${PODS_ROOT}/Target Support Files/Pods-Weed delivery/Pods-Weed delivery-frameworks.sh\"\n";
			showEnvVarsInLog = 0;
		};
/* End PBXShellScriptBuildPhase section */

/* Begin PBXSourcesBuildPhase section */
		88664E60250ED3450028B9D2 /* Sources */ = {
			isa = PBXSourcesBuildPhase;
			buildActionMask = 2147483647;
			files = (
				884D0E052512359D000FA2D8 /* CartView.swift in Sources */,
				8855D92D2510E71200185129 /* ViewRouter.swift in Sources */,
				88334F6D251160B5006659C5 /* CartButton.swift in Sources */,
				88878CCA2510156B00BB98B9 /* ProductsListView.swift in Sources */,
				888FE8B8250FDD9E00FD12B7 /* TabBar.swift in Sources */,
				888FE8B2250FC24900FD12B7 /* CompanyRow.swift in Sources */,
				88664E68250ED3450028B9D2 /* AppDelegate.swift in Sources */,
				88664E7C250ED3B70028B9D2 /* Test.swift in Sources */,
				888FE8AF250FC16500FD12B7 /* CompaniesView.swift in Sources */,
				88664E6A250ED3450028B9D2 /* SceneDelegate.swift in Sources */,
				884D0E03251233A6000FA2D8 /* ProductDetails.swift in Sources */,
				8855D92B2510DF4F00185129 /* Tabs.swift in Sources */,
				888FE8B4250FC25A00FD12B7 /* DatabaseManager.swift in Sources */,
				88E27AAE2514074100FED713 /* CartItem.swift in Sources */,
				88878CCC2510158600BB98B9 /* ProductView.swift in Sources */,
				88878CC72510141100BB98B9 /* Product.swift in Sources */,
				88E27AB025140FDA00FED713 /* Rating.swift in Sources */,
				88878CC525100D6000BB98B9 /* CompanyDetailView.swift in Sources */,
				888FE8B6250FC30C00FD12B7 /* Company.swift in Sources */,
				88878CCF25101BA200BB98B9 /* TabBarSpacer.swift in Sources */,
				886CCF8E2512A47A00319252 /* NonEmptyCartAlert.swift in Sources */,
				886CCF8C2512954500319252 /* CartItemView.swift in Sources */,
			);
			runOnlyForDeploymentPostprocessing = 0;
		};
/* End PBXSourcesBuildPhase section */

/* Begin PBXVariantGroup section */
		88664E72250ED34A0028B9D2 /* LaunchScreen.storyboard */ = {
			isa = PBXVariantGroup;
			children = (
				88664E73250ED34A0028B9D2 /* Base */,
			);
			name = LaunchScreen.storyboard;
			sourceTree = "<group>";
		};
/* End PBXVariantGroup section */

/* Begin XCBuildConfiguration section */
		88664E76250ED34A0028B9D2 /* Debug */ = {
			isa = XCBuildConfiguration;
			buildSettings = {
				ALWAYS_SEARCH_USER_PATHS = NO;
				CLANG_ANALYZER_NONNULL = YES;
				CLANG_ANALYZER_NUMBER_OBJECT_CONVERSION = YES_AGGRESSIVE;
				CLANG_CXX_LANGUAGE_STANDARD = "gnu++14";
				CLANG_CXX_LIBRARY = "libc++";
				CLANG_ENABLE_MODULES = YES;
				CLANG_ENABLE_OBJC_ARC = YES;
				CLANG_ENABLE_OBJC_WEAK = YES;
				CLANG_WARN_BLOCK_CAPTURE_AUTORELEASING = YES;
				CLANG_WARN_BOOL_CONVERSION = YES;
				CLANG_WARN_COMMA = YES;
				CLANG_WARN_CONSTANT_CONVERSION = YES;
				CLANG_WARN_DEPRECATED_OBJC_IMPLEMENTATIONS = YES;
				CLANG_WARN_DIRECT_OBJC_ISA_USAGE = YES_ERROR;
				CLANG_WARN_DOCUMENTATION_COMMENTS = YES;
				CLANG_WARN_EMPTY_BODY = YES;
				CLANG_WARN_ENUM_CONVERSION = YES;
				CLANG_WARN_INFINITE_RECURSION = YES;
				CLANG_WARN_INT_CONVERSION = YES;
				CLANG_WARN_NON_LITERAL_NULL_CONVERSION = YES;
				CLANG_WARN_OBJC_IMPLICIT_RETAIN_SELF = YES;
				CLANG_WARN_OBJC_LITERAL_CONVERSION = YES;
				CLANG_WARN_OBJC_ROOT_CLASS = YES_ERROR;
				CLANG_WARN_RANGE_LOOP_ANALYSIS = YES;
				CLANG_WARN_STRICT_PROTOTYPES = YES;
				CLANG_WARN_SUSPICIOUS_MOVE = YES;
				CLANG_WARN_UNGUARDED_AVAILABILITY = YES_AGGRESSIVE;
				CLANG_WARN_UNREACHABLE_CODE = YES;
				CLANG_WARN__DUPLICATE_METHOD_MATCH = YES;
				COPY_PHASE_STRIP = NO;
				DEBUG_INFORMATION_FORMAT = dwarf;
				ENABLE_STRICT_OBJC_MSGSEND = YES;
				ENABLE_TESTABILITY = YES;
				GCC_C_LANGUAGE_STANDARD = gnu11;
				GCC_DYNAMIC_NO_PIC = NO;
				GCC_NO_COMMON_BLOCKS = YES;
				GCC_OPTIMIZATION_LEVEL = 0;
				GCC_PREPROCESSOR_DEFINITIONS = (
					"DEBUG=1",
					"$(inherited)",
				);
				GCC_WARN_64_TO_32_BIT_CONVERSION = YES;
				GCC_WARN_ABOUT_RETURN_TYPE = YES_ERROR;
				GCC_WARN_UNDECLARED_SELECTOR = YES;
				GCC_WARN_UNINITIALIZED_AUTOS = YES_AGGRESSIVE;
				GCC_WARN_UNUSED_FUNCTION = YES;
				GCC_WARN_UNUSED_VARIABLE = YES;
				IPHONEOS_DEPLOYMENT_TARGET = 13.7;
				MTL_ENABLE_DEBUG_INFO = INCLUDE_SOURCE;
				MTL_FAST_MATH = YES;
				ONLY_ACTIVE_ARCH = YES;
				SDKROOT = iphoneos;
				SWIFT_ACTIVE_COMPILATION_CONDITIONS = DEBUG;
				SWIFT_OPTIMIZATION_LEVEL = "-Onone";
			};
			name = Debug;
		};
		88664E77250ED34A0028B9D2 /* Release */ = {
			isa = XCBuildConfiguration;
			buildSettings = {
				ALWAYS_SEARCH_USER_PATHS = NO;
				CLANG_ANALYZER_NONNULL = YES;
				CLANG_ANALYZER_NUMBER_OBJECT_CONVERSION = YES_AGGRESSIVE;
				CLANG_CXX_LANGUAGE_STANDARD = "gnu++14";
				CLANG_CXX_LIBRARY = "libc++";
				CLANG_ENABLE_MODULES = YES;
				CLANG_ENABLE_OBJC_ARC = YES;
				CLANG_ENABLE_OBJC_WEAK = YES;
				CLANG_WARN_BLOCK_CAPTURE_AUTORELEASING = YES;
				CLANG_WARN_BOOL_CONVERSION = YES;
				CLANG_WARN_COMMA = YES;
				CLANG_WARN_CONSTANT_CONVERSION = YES;
				CLANG_WARN_DEPRECATED_OBJC_IMPLEMENTATIONS = YES;
				CLANG_WARN_DIRECT_OBJC_ISA_USAGE = YES_ERROR;
				CLANG_WARN_DOCUMENTATION_COMMENTS = YES;
				CLANG_WARN_EMPTY_BODY = YES;
				CLANG_WARN_ENUM_CONVERSION = YES;
				CLANG_WARN_INFINITE_RECURSION = YES;
				CLANG_WARN_INT_CONVERSION = YES;
				CLANG_WARN_NON_LITERAL_NULL_CONVERSION = YES;
				CLANG_WARN_OBJC_IMPLICIT_RETAIN_SELF = YES;
				CLANG_WARN_OBJC_LITERAL_CONVERSION = YES;
				CLANG_WARN_OBJC_ROOT_CLASS = YES_ERROR;
				CLANG_WARN_RANGE_LOOP_ANALYSIS = YES;
				CLANG_WARN_STRICT_PROTOTYPES = YES;
				CLANG_WARN_SUSPICIOUS_MOVE = YES;
				CLANG_WARN_UNGUARDED_AVAILABILITY = YES_AGGRESSIVE;
				CLANG_WARN_UNREACHABLE_CODE = YES;
				CLANG_WARN__DUPLICATE_METHOD_MATCH = YES;
				COPY_PHASE_STRIP = NO;
				DEBUG_INFORMATION_FORMAT = "dwarf-with-dsym";
				ENABLE_NS_ASSERTIONS = NO;
				ENABLE_STRICT_OBJC_MSGSEND = YES;
				GCC_C_LANGUAGE_STANDARD = gnu11;
				GCC_NO_COMMON_BLOCKS = YES;
				GCC_WARN_64_TO_32_BIT_CONVERSION = YES;
				GCC_WARN_ABOUT_RETURN_TYPE = YES_ERROR;
				GCC_WARN_UNDECLARED_SELECTOR = YES;
				GCC_WARN_UNINITIALIZED_AUTOS = YES_AGGRESSIVE;
				GCC_WARN_UNUSED_FUNCTION = YES;
				GCC_WARN_UNUSED_VARIABLE = YES;
				IPHONEOS_DEPLOYMENT_TARGET = 13.7;
				MTL_ENABLE_DEBUG_INFO = NO;
				MTL_FAST_MATH = YES;
				SDKROOT = iphoneos;
				SWIFT_COMPILATION_MODE = wholemodule;
				SWIFT_OPTIMIZATION_LEVEL = "-O";
				VALIDATE_PRODUCT = YES;
			};
			name = Release;
		};
		88664E79250ED34A0028B9D2 /* Debug */ = {
			isa = XCBuildConfiguration;
			baseConfigurationReference = 3525F538ABAA2B9A9E3F39A3 /* Pods-Weed delivery.debug.xcconfig */;
			buildSettings = {
				ASSETCATALOG_COMPILER_APPICON_NAME = AppIcon;
				CODE_SIGN_STYLE = Automatic;
				DEVELOPMENT_ASSET_PATHS = "\"Weed delivery/Preview Content\"";
				DEVELOPMENT_TEAM = 87N7QPTHS6;
				ENABLE_PREVIEWS = YES;
				INFOPLIST_FILE = "Weed delivery/Info.plist";
				LD_RUNPATH_SEARCH_PATHS = (
					"$(inherited)",
					"@executable_path/Frameworks",
				);
				PRODUCT_BUNDLE_IDENTIFIER = "com.beaxhem.Weed-delivery";
				PRODUCT_NAME = "$(TARGET_NAME)";
				SWIFT_VERSION = 5.0;
				TARGETED_DEVICE_FAMILY = "1,2";
			};
			name = Debug;
		};
		88664E7A250ED34A0028B9D2 /* Release */ = {
			isa = XCBuildConfiguration;
			baseConfigurationReference = 0AA7C76DB2425112632EEF6F /* Pods-Weed delivery.release.xcconfig */;
			buildSettings = {
				ASSETCATALOG_COMPILER_APPICON_NAME = AppIcon;
				CODE_SIGN_STYLE = Automatic;
				DEVELOPMENT_ASSET_PATHS = "\"Weed delivery/Preview Content\"";
				DEVELOPMENT_TEAM = 87N7QPTHS6;
				ENABLE_PREVIEWS = YES;
				INFOPLIST_FILE = "Weed delivery/Info.plist";
				LD_RUNPATH_SEARCH_PATHS = (
					"$(inherited)",
					"@executable_path/Frameworks",
				);
				PRODUCT_BUNDLE_IDENTIFIER = "com.beaxhem.Weed-delivery";
				PRODUCT_NAME = "$(TARGET_NAME)";
				SWIFT_VERSION = 5.0;
				TARGETED_DEVICE_FAMILY = "1,2";
			};
			name = Release;
		};
/* End XCBuildConfiguration section */

/* Begin XCConfigurationList section */
		88664E5F250ED3450028B9D2 /* Build configuration list for PBXProject "Weed delivery" */ = {
			isa = XCConfigurationList;
			buildConfigurations = (
				88664E76250ED34A0028B9D2 /* Debug */,
				88664E77250ED34A0028B9D2 /* Release */,
			);
			defaultConfigurationIsVisible = 0;
			defaultConfigurationName = Release;
		};
		88664E78250ED34A0028B9D2 /* Build configuration list for PBXNativeTarget "Weed delivery" */ = {
			isa = XCConfigurationList;
			buildConfigurations = (
				88664E79250ED34A0028B9D2 /* Debug */,
				88664E7A250ED34A0028B9D2 /* Release */,
			);
			defaultConfigurationIsVisible = 0;
			defaultConfigurationName = Release;
		};
/* End XCConfigurationList section */
	};
	rootObject = 88664E5C250ED3450028B9D2 /* Project object */;
}
